// !$*UTF8*$!
{
	archiveVersion = 1;
	classes = {
	};
	objectVersion = 56;
	objects = {

/* Begin PBXBuildFile section */
		3F7242952BB37E1500A36C39 /* RemoteFeedLoader.swift in Sources */ = {isa = PBXBuildFile; fileRef = 3F7242942BB37E1500A36C39 /* RemoteFeedLoader.swift */; };
		3F7BB25F2B952D82009C6B71 /* EssentialFeediOSAppApp.swift in Sources */ = {isa = PBXBuildFile; fileRef = 3F7BB25E2B952D82009C6B71 /* EssentialFeediOSAppApp.swift */; };
		3F7BB2612B952D82009C6B71 /* ContentView.swift in Sources */ = {isa = PBXBuildFile; fileRef = 3F7BB2602B952D82009C6B71 /* ContentView.swift */; };
		3F7BB2632B952D83009C6B71 /* Assets.xcassets in Resources */ = {isa = PBXBuildFile; fileRef = 3F7BB2622B952D83009C6B71 /* Assets.xcassets */; };
		3F7BB2662B952D83009C6B71 /* Preview Assets.xcassets in Resources */ = {isa = PBXBuildFile; fileRef = 3F7BB2652B952D83009C6B71 /* Preview Assets.xcassets */; };
		3F7BB2702B952D83009C6B71 /* EssentialFeediOSAppTests.swift in Sources */ = {isa = PBXBuildFile; fileRef = 3F7BB26F2B952D83009C6B71 /* EssentialFeediOSAppTests.swift */; };
		3F7BB27A2B952D83009C6B71 /* EssentialFeediOSAppUITests.swift in Sources */ = {isa = PBXBuildFile; fileRef = 3F7BB2792B952D83009C6B71 /* EssentialFeediOSAppUITests.swift */; };
		3F7BB27C2B952D83009C6B71 /* EssentialFeediOSAppUITestsLaunchTests.swift in Sources */ = {isa = PBXBuildFile; fileRef = 3F7BB27B2B952D83009C6B71 /* EssentialFeediOSAppUITestsLaunchTests.swift */; };
		3F7BB28A2B9534AC009C6B71 /* FeedItem.swift in Sources */ = {isa = PBXBuildFile; fileRef = 3F7BB2892B9534AC009C6B71 /* FeedItem.swift */; };
		3F7BB28C2B9534B8009C6B71 /* FeedLoader.swift in Sources */ = {isa = PBXBuildFile; fileRef = 3F7BB28B2B9534B8009C6B71 /* FeedLoader.swift */; };
		3F7BB2912B954423009C6B71 /* RemoteFeedLoaderTests.swift in Sources */ = {isa = PBXBuildFile; fileRef = 3F7BB2902B954423009C6B71 /* RemoteFeedLoaderTests.swift */; };
/* End PBXBuildFile section */

/* Begin PBXContainerItemProxy section */
		3F7BB26C2B952D83009C6B71 /* PBXContainerItemProxy */ = {
			isa = PBXContainerItemProxy;
			containerPortal = 3F7BB2532B952D82009C6B71 /* Project object */;
			proxyType = 1;
			remoteGlobalIDString = 3F7BB25A2B952D82009C6B71;
			remoteInfo = EssentialFeediOSApp;
		};
		3F7BB2762B952D83009C6B71 /* PBXContainerItemProxy */ = {
			isa = PBXContainerItemProxy;
			containerPortal = 3F7BB2532B952D82009C6B71 /* Project object */;
			proxyType = 1;
			remoteGlobalIDString = 3F7BB25A2B952D82009C6B71;
			remoteInfo = EssentialFeediOSApp;
		};
/* End PBXContainerItemProxy section */

/* Begin PBXFileReference section */
		3F7242942BB37E1500A36C39 /* RemoteFeedLoader.swift */ = {isa = PBXFileReference; lastKnownFileType = sourcecode.swift; path = RemoteFeedLoader.swift; sourceTree = "<group>"; };
		3F7BB25B2B952D82009C6B71 /* EssentialFeediOSApp.app */ = {isa = PBXFileReference; explicitFileType = wrapper.application; includeInIndex = 0; path = EssentialFeediOSApp.app; sourceTree = BUILT_PRODUCTS_DIR; };
		3F7BB25E2B952D82009C6B71 /* EssentialFeediOSAppApp.swift */ = {isa = PBXFileReference; lastKnownFileType = sourcecode.swift; path = EssentialFeediOSAppApp.swift; sourceTree = "<group>"; };
		3F7BB2602B952D82009C6B71 /* ContentView.swift */ = {isa = PBXFileReference; lastKnownFileType = sourcecode.swift; path = ContentView.swift; sourceTree = "<group>"; };
		3F7BB2622B952D83009C6B71 /* Assets.xcassets */ = {isa = PBXFileReference; lastKnownFileType = folder.assetcatalog; path = Assets.xcassets; sourceTree = "<group>"; };
		3F7BB2652B952D83009C6B71 /* Preview Assets.xcassets */ = {isa = PBXFileReference; lastKnownFileType = folder.assetcatalog; path = "Preview Assets.xcassets"; sourceTree = "<group>"; };
		3F7BB26B2B952D83009C6B71 /* EssentialFeediOSAppTests.xctest */ = {isa = PBXFileReference; explicitFileType = wrapper.cfbundle; includeInIndex = 0; path = EssentialFeediOSAppTests.xctest; sourceTree = BUILT_PRODUCTS_DIR; };
		3F7BB26F2B952D83009C6B71 /* EssentialFeediOSAppTests.swift */ = {isa = PBXFileReference; lastKnownFileType = sourcecode.swift; path = EssentialFeediOSAppTests.swift; sourceTree = "<group>"; };
		3F7BB2752B952D83009C6B71 /* EssentialFeediOSAppUITests.xctest */ = {isa = PBXFileReference; explicitFileType = wrapper.cfbundle; includeInIndex = 0; path = EssentialFeediOSAppUITests.xctest; sourceTree = BUILT_PRODUCTS_DIR; };
		3F7BB2792B952D83009C6B71 /* EssentialFeediOSAppUITests.swift */ = {isa = PBXFileReference; lastKnownFileType = sourcecode.swift; path = EssentialFeediOSAppUITests.swift; sourceTree = "<group>"; };
		3F7BB27B2B952D83009C6B71 /* EssentialFeediOSAppUITestsLaunchTests.swift */ = {isa = PBXFileReference; lastKnownFileType = sourcecode.swift; path = EssentialFeediOSAppUITestsLaunchTests.swift; sourceTree = "<group>"; };
		3F7BB2892B9534AC009C6B71 /* FeedItem.swift */ = {isa = PBXFileReference; lastKnownFileType = sourcecode.swift; path = FeedItem.swift; sourceTree = "<group>"; };
		3F7BB28B2B9534B8009C6B71 /* FeedLoader.swift */ = {isa = PBXFileReference; lastKnownFileType = sourcecode.swift; path = FeedLoader.swift; sourceTree = "<group>"; };
		3F7BB2902B954423009C6B71 /* RemoteFeedLoaderTests.swift */ = {isa = PBXFileReference; lastKnownFileType = sourcecode.swift; path = RemoteFeedLoaderTests.swift; sourceTree = "<group>"; };
/* End PBXFileReference section */

/* Begin PBXFrameworksBuildPhase section */
		3F7BB2582B952D82009C6B71 /* Frameworks */ = {
			isa = PBXFrameworksBuildPhase;
			buildActionMask = 2147483647;
			files = (
			);
			runOnlyForDeploymentPostprocessing = 0;
		};
		3F7BB2682B952D83009C6B71 /* Frameworks */ = {
			isa = PBXFrameworksBuildPhase;
			buildActionMask = 2147483647;
			files = (
			);
			runOnlyForDeploymentPostprocessing = 0;
		};
		3F7BB2722B952D83009C6B71 /* Frameworks */ = {
			isa = PBXFrameworksBuildPhase;
			buildActionMask = 2147483647;
			files = (
			);
			runOnlyForDeploymentPostprocessing = 0;
		};
/* End PBXFrameworksBuildPhase section */

/* Begin PBXGroup section */
		3F7242932BB37DF800A36C39 /* FeedAPI */ = {
			isa = PBXGroup;
			children = (
				3F7242942BB37E1500A36C39 /* RemoteFeedLoader.swift */,
			);
			path = FeedAPI;
			sourceTree = "<group>";
		};
		3F7BB2522B952D82009C6B71 = {
			isa = PBXGroup;
			children = (
				3F7BB25D2B952D82009C6B71 /* EssentialFeediOSApp */,
				3F7BB26E2B952D83009C6B71 /* EssentialFeediOSAppTests */,
				3F7BB2782B952D83009C6B71 /* EssentialFeediOSAppUITests */,
				3F7BB25C2B952D82009C6B71 /* Products */,
			);
			sourceTree = "<group>";
		};
		3F7BB25C2B952D82009C6B71 /* Products */ = {
			isa = PBXGroup;
			children = (
				3F7BB25B2B952D82009C6B71 /* EssentialFeediOSApp.app */,
				3F7BB26B2B952D83009C6B71 /* EssentialFeediOSAppTests.xctest */,
				3F7BB2752B952D83009C6B71 /* EssentialFeediOSAppUITests.xctest */,
			);
			name = Products;
			sourceTree = "<group>";
		};
		3F7BB25D2B952D82009C6B71 /* EssentialFeediOSApp */ = {
			isa = PBXGroup;
			children = (
				3F7242932BB37DF800A36C39 /* FeedAPI */,
				3F7BB2882B95349C009C6B71 /* FeedFeature */,
				3F7BB25E2B952D82009C6B71 /* EssentialFeediOSAppApp.swift */,
				3F7BB2602B952D82009C6B71 /* ContentView.swift */,
				3F7BB2622B952D83009C6B71 /* Assets.xcassets */,
				3F7BB2642B952D83009C6B71 /* Preview Content */,
			);
			path = EssentialFeediOSApp;
			sourceTree = "<group>";
		};
		3F7BB2642B952D83009C6B71 /* Preview Content */ = {
			isa = PBXGroup;
			children = (
				3F7BB2652B952D83009C6B71 /* Preview Assets.xcassets */,
			);
			path = "Preview Content";
			sourceTree = "<group>";
		};
		3F7BB26E2B952D83009C6B71 /* EssentialFeediOSAppTests */ = {
			isa = PBXGroup;
			children = (
				3F7BB26F2B952D83009C6B71 /* EssentialFeediOSAppTests.swift */,
				3F7BB2902B954423009C6B71 /* RemoteFeedLoaderTests.swift */,
			);
			path = EssentialFeediOSAppTests;
			sourceTree = "<group>";
		};
		3F7BB2782B952D83009C6B71 /* EssentialFeediOSAppUITests */ = {
			isa = PBXGroup;
			children = (
				3F7BB2792B952D83009C6B71 /* EssentialFeediOSAppUITests.swift */,
				3F7BB27B2B952D83009C6B71 /* EssentialFeediOSAppUITestsLaunchTests.swift */,
			);
			path = EssentialFeediOSAppUITests;
			sourceTree = "<group>";
		};
		3F7BB2882B95349C009C6B71 /* FeedFeature */ = {
			isa = PBXGroup;
			children = (
				3F7BB2892B9534AC009C6B71 /* FeedItem.swift */,
				3F7BB28B2B9534B8009C6B71 /* FeedLoader.swift */,
			);
			path = FeedFeature;
			sourceTree = "<group>";
		};
/* End PBXGroup section */

/* Begin PBXNativeTarget section */
		3F7BB25A2B952D82009C6B71 /* EssentialFeediOSApp */ = {
			isa = PBXNativeTarget;
			buildConfigurationList = 3F7BB27F2B952D83009C6B71 /* Build configuration list for PBXNativeTarget "EssentialFeediOSApp" */;
			buildPhases = (
				3F7BB2572B952D82009C6B71 /* Sources */,
				3F7BB2582B952D82009C6B71 /* Frameworks */,
				3F7BB2592B952D82009C6B71 /* Resources */,
			);
			buildRules = (
			);
			dependencies = (
			);
			name = EssentialFeediOSApp;
			productName = EssentialFeediOSApp;
			productReference = 3F7BB25B2B952D82009C6B71 /* EssentialFeediOSApp.app */;
			productType = "com.apple.product-type.application";
		};
		3F7BB26A2B952D83009C6B71 /* EssentialFeediOSAppTests */ = {
			isa = PBXNativeTarget;
			buildConfigurationList = 3F7BB2822B952D83009C6B71 /* Build configuration list for PBXNativeTarget "EssentialFeediOSAppTests" */;
			buildPhases = (
				3F7BB2672B952D83009C6B71 /* Sources */,
				3F7BB2682B952D83009C6B71 /* Frameworks */,
				3F7BB2692B952D83009C6B71 /* Resources */,
			);
			buildRules = (
			);
			dependencies = (
				3F7BB26D2B952D83009C6B71 /* PBXTargetDependency */,
			);
			name = EssentialFeediOSAppTests;
			productName = EssentialFeediOSAppTests;
			productReference = 3F7BB26B2B952D83009C6B71 /* EssentialFeediOSAppTests.xctest */;
			productType = "com.apple.product-type.bundle.unit-test";
		};
		3F7BB2742B952D83009C6B71 /* EssentialFeediOSAppUITests */ = {
			isa = PBXNativeTarget;
			buildConfigurationList = 3F7BB2852B952D83009C6B71 /* Build configuration list for PBXNativeTarget "EssentialFeediOSAppUITests" */;
			buildPhases = (
				3F7BB2712B952D83009C6B71 /* Sources */,
				3F7BB2722B952D83009C6B71 /* Frameworks */,
				3F7BB2732B952D83009C6B71 /* Resources */,
			);
			buildRules = (
			);
			dependencies = (
				3F7BB2772B952D83009C6B71 /* PBXTargetDependency */,
			);
			name = EssentialFeediOSAppUITests;
			productName = EssentialFeediOSAppUITests;
			productReference = 3F7BB2752B952D83009C6B71 /* EssentialFeediOSAppUITests.xctest */;
			productType = "com.apple.product-type.bundle.ui-testing";
		};
/* End PBXNativeTarget section */

/* Begin PBXProject section */
		3F7BB2532B952D82009C6B71 /* Project object */ = {
			isa = PBXProject;
			attributes = {
				BuildIndependentTargetsInParallel = 1;
				LastSwiftUpdateCheck = 1430;
				LastUpgradeCheck = 1430;
				TargetAttributes = {
					3F7BB25A2B952D82009C6B71 = {
						CreatedOnToolsVersion = 14.3;
					};
					3F7BB26A2B952D83009C6B71 = {
						CreatedOnToolsVersion = 14.3;
						TestTargetID = 3F7BB25A2B952D82009C6B71;
					};
					3F7BB2742B952D83009C6B71 = {
						CreatedOnToolsVersion = 14.3;
						TestTargetID = 3F7BB25A2B952D82009C6B71;
					};
				};
			};
			buildConfigurationList = 3F7BB2562B952D82009C6B71 /* Build configuration list for PBXProject "EssentialFeediOSApp" */;
			compatibilityVersion = "Xcode 14.0";
			developmentRegion = en;
			hasScannedForEncodings = 0;
			knownRegions = (
				en,
				Base,
			);
			mainGroup = 3F7BB2522B952D82009C6B71;
			productRefGroup = 3F7BB25C2B952D82009C6B71 /* Products */;
			projectDirPath = "";
			projectRoot = "";
			targets = (
				3F7BB25A2B952D82009C6B71 /* EssentialFeediOSApp */,
				3F7BB26A2B952D83009C6B71 /* EssentialFeediOSAppTests */,
				3F7BB2742B952D83009C6B71 /* EssentialFeediOSAppUITests */,
			);
		};
/* End PBXProject section */

/* Begin PBXResourcesBuildPhase section */
		3F7BB2592B952D82009C6B71 /* Resources */ = {
			isa = PBXResourcesBuildPhase;
			buildActionMask = 2147483647;
			files = (
				3F7BB2662B952D83009C6B71 /* Preview Assets.xcassets in Resources */,
				3F7BB2632B952D83009C6B71 /* Assets.xcassets in Resources */,
			);
			runOnlyForDeploymentPostprocessing = 0;
		};
		3F7BB2692B952D83009C6B71 /* Resources */ = {
			isa = PBXResourcesBuildPhase;
			buildActionMask = 2147483647;
			files = (
			);
			runOnlyForDeploymentPostprocessing = 0;
		};
		3F7BB2732B952D83009C6B71 /* Resources */ = {
			isa = PBXResourcesBuildPhase;
			buildActionMask = 2147483647;
			files = (
			);
			runOnlyForDeploymentPostprocessing = 0;
		};
/* End PBXResourcesBuildPhase section */

/* Begin PBXSourcesBuildPhase section */
		3F7BB2572B952D82009C6B71 /* Sources */ = {
			isa = PBXSourcesBuildPhase;
			buildActionMask = 2147483647;
			files = (
				3F7BB2612B952D82009C6B71 /* ContentView.swift in Sources */,
				3F7BB25F2B952D82009C6B71 /* EssentialFeediOSAppApp.swift in Sources */,
				3F7BB28C2B9534B8009C6B71 /* FeedLoader.swift in Sources */,
				3F7242952BB37E1500A36C39 /* RemoteFeedLoader.swift in Sources */,
				3F7BB28A2B9534AC009C6B71 /* FeedItem.swift in Sources */,
			);
			runOnlyForDeploymentPostprocessing = 0;
		};
		3F7BB2672B952D83009C6B71 /* Sources */ = {
			isa = PBXSourcesBuildPhase;
			buildActionMask = 2147483647;
			files = (
				3F7BB2912B954423009C6B71 /* RemoteFeedLoaderTests.swift in Sources */,
				3F7BB2702B952D83009C6B71 /* EssentialFeediOSAppTests.swift in Sources */,
			);
			runOnlyForDeploymentPostprocessing = 0;
		};
		3F7BB2712B952D83009C6B71 /* Sources */ = {
			isa = PBXSourcesBuildPhase;
			buildActionMask = 2147483647;
			files = (
				3F7BB27A2B952D83009C6B71 /* EssentialFeediOSAppUITests.swift in Sources */,
				3F7BB27C2B952D83009C6B71 /* EssentialFeediOSAppUITestsLaunchTests.swift in Sources */,
			);
			runOnlyForDeploymentPostprocessing = 0;
		};
/* End PBXSourcesBuildPhase section */

/* Begin PBXTargetDependency section */
		3F7BB26D2B952D83009C6B71 /* PBXTargetDependency */ = {
			isa = PBXTargetDependency;
			target = 3F7BB25A2B952D82009C6B71 /* EssentialFeediOSApp */;
			targetProxy = 3F7BB26C2B952D83009C6B71 /* PBXContainerItemProxy */;
		};
		3F7BB2772B952D83009C6B71 /* PBXTargetDependency */ = {
			isa = PBXTargetDependency;
			target = 3F7BB25A2B952D82009C6B71 /* EssentialFeediOSApp */;
			targetProxy = 3F7BB2762B952D83009C6B71 /* PBXContainerItemProxy */;
		};
/* End PBXTargetDependency section */

/* Begin XCBuildConfiguration section */
		3F7BB27D2B952D83009C6B71 /* Debug */ = {
			isa = XCBuildConfiguration;
			buildSettings = {
				ALWAYS_SEARCH_USER_PATHS = NO;
				CLANG_ANALYZER_NONNULL = YES;
				CLANG_ANALYZER_NUMBER_OBJECT_CONVERSION = YES_AGGRESSIVE;
				CLANG_CXX_LANGUAGE_STANDARD = "gnu++20";
				CLANG_ENABLE_MODULES = YES;
				CLANG_ENABLE_OBJC_ARC = YES;
				CLANG_ENABLE_OBJC_WEAK = YES;
				CLANG_WARN_BLOCK_CAPTURE_AUTORELEASING = YES;
				CLANG_WARN_BOOL_CONVERSION = YES;
				CLANG_WARN_COMMA = YES;
				CLANG_WARN_CONSTANT_CONVERSION = YES;
				CLANG_WARN_DEPRECATED_OBJC_IMPLEMENTATIONS = YES;
				CLANG_WARN_DIRECT_OBJC_ISA_USAGE = YES_ERROR;
				CLANG_WARN_DOCUMENTATION_COMMENTS = YES;
				CLANG_WARN_EMPTY_BODY = YES;
				CLANG_WARN_ENUM_CONVERSION = YES;
				CLANG_WARN_INFINITE_RECURSION = YES;
				CLANG_WARN_INT_CONVERSION = YES;
				CLANG_WARN_NON_LITERAL_NULL_CONVERSION = YES;
				CLANG_WARN_OBJC_IMPLICIT_RETAIN_SELF = YES;
				CLANG_WARN_OBJC_LITERAL_CONVERSION = YES;
				CLANG_WARN_OBJC_ROOT_CLASS = YES_ERROR;
				CLANG_WARN_QUOTED_INCLUDE_IN_FRAMEWORK_HEADER = YES;
				CLANG_WARN_RANGE_LOOP_ANALYSIS = YES;
				CLANG_WARN_STRICT_PROTOTYPES = YES;
				CLANG_WARN_SUSPICIOUS_MOVE = YES;
				CLANG_WARN_UNGUARDED_AVAILABILITY = YES_AGGRESSIVE;
				CLANG_WARN_UNREACHABLE_CODE = YES;
				CLANG_WARN__DUPLICATE_METHOD_MATCH = YES;
				COPY_PHASE_STRIP = NO;
				DEBUG_INFORMATION_FORMAT = dwarf;
				ENABLE_STRICT_OBJC_MSGSEND = YES;
				ENABLE_TESTABILITY = YES;
				GCC_C_LANGUAGE_STANDARD = gnu11;
				GCC_DYNAMIC_NO_PIC = NO;
				GCC_NO_COMMON_BLOCKS = YES;
				GCC_OPTIMIZATION_LEVEL = 0;
				GCC_PREPROCESSOR_DEFINITIONS = (
					"DEBUG=1",
					"$(inherited)",
				);
				GCC_WARN_64_TO_32_BIT_CONVERSION = YES;
				GCC_WARN_ABOUT_RETURN_TYPE = YES_ERROR;
				GCC_WARN_UNDECLARED_SELECTOR = YES;
				GCC_WARN_UNINITIALIZED_AUTOS = YES_AGGRESSIVE;
				GCC_WARN_UNUSED_FUNCTION = YES;
				GCC_WARN_UNUSED_VARIABLE = YES;
				IPHONEOS_DEPLOYMENT_TARGET = 16.4;
				MTL_ENABLE_DEBUG_INFO = INCLUDE_SOURCE;
				MTL_FAST_MATH = YES;
				ONLY_ACTIVE_ARCH = YES;
				SDKROOT = iphoneos;
				SWIFT_ACTIVE_COMPILATION_CONDITIONS = DEBUG;
				SWIFT_OPTIMIZATION_LEVEL = "-Onone";
			};
			name = Debug;
		};
		3F7BB27E2B952D83009C6B71 /* Release */ = {
			isa = XCBuildConfiguration;
			buildSettings = {
				ALWAYS_SEARCH_USER_PATHS = NO;
				CLANG_ANALYZER_NONNULL = YES;
				CLANG_ANALYZER_NUMBER_OBJECT_CONVERSION = YES_AGGRESSIVE;
				CLANG_CXX_LANGUAGE_STANDARD = "gnu++20";
				CLANG_ENABLE_MODULES = YES;
				CLANG_ENABLE_OBJC_ARC = YES;
				CLANG_ENABLE_OBJC_WEAK = YES;
				CLANG_WARN_BLOCK_CAPTURE_AUTORELEASING = YES;
				CLANG_WARN_BOOL_CONVERSION = YES;
				CLANG_WARN_COMMA = YES;
				CLANG_WARN_CONSTANT_CONVERSION = YES;
				CLANG_WARN_DEPRECATED_OBJC_IMPLEMENTATIONS = YES;
				CLANG_WARN_DIRECT_OBJC_ISA_USAGE = YES_ERROR;
				CLANG_WARN_DOCUMENTATION_COMMENTS = YES;
				CLANG_WARN_EMPTY_BODY = YES;
				CLANG_WARN_ENUM_CONVERSION = YES;
				CLANG_WARN_INFINITE_RECURSION = YES;
				CLANG_WARN_INT_CONVERSION = YES;
				CLANG_WARN_NON_LITERAL_NULL_CONVERSION = YES;
				CLANG_WARN_OBJC_IMPLICIT_RETAIN_SELF = YES;
				CLANG_WARN_OBJC_LITERAL_CONVERSION = YES;
				CLANG_WARN_OBJC_ROOT_CLASS = YES_ERROR;
				CLANG_WARN_QUOTED_INCLUDE_IN_FRAMEWORK_HEADER = YES;
				CLANG_WARN_RANGE_LOOP_ANALYSIS = YES;
				CLANG_WARN_STRICT_PROTOTYPES = YES;
				CLANG_WARN_SUSPICIOUS_MOVE = YES;
				CLANG_WARN_UNGUARDED_AVAILABILITY = YES_AGGRESSIVE;
				CLANG_WARN_UNREACHABLE_CODE = YES;
				CLANG_WARN__DUPLICATE_METHOD_MATCH = YES;
				COPY_PHASE_STRIP = NO;
				DEBUG_INFORMATION_FORMAT = "dwarf-with-dsym";
				ENABLE_NS_ASSERTIONS = NO;
				ENABLE_STRICT_OBJC_MSGSEND = YES;
				GCC_C_LANGUAGE_STANDARD = gnu11;
				GCC_NO_COMMON_BLOCKS = YES;
				GCC_WARN_64_TO_32_BIT_CONVERSION = YES;
				GCC_WARN_ABOUT_RETURN_TYPE = YES_ERROR;
				GCC_WARN_UNDECLARED_SELECTOR = YES;
				GCC_WARN_UNINITIALIZED_AUTOS = YES_AGGRESSIVE;
				GCC_WARN_UNUSED_FUNCTION = YES;
				GCC_WARN_UNUSED_VARIABLE = YES;
				IPHONEOS_DEPLOYMENT_TARGET = 16.4;
				MTL_ENABLE_DEBUG_INFO = NO;
				MTL_FAST_MATH = YES;
				SDKROOT = iphoneos;
				SWIFT_COMPILATION_MODE = wholemodule;
				SWIFT_OPTIMIZATION_LEVEL = "-O";
				VALIDATE_PRODUCT = YES;
			};
			name = Release;
		};
		3F7BB2802B952D83009C6B71 /* Debug */ = {
			isa = XCBuildConfiguration;
			buildSettings = {
				ASSETCATALOG_COMPILER_APPICON_NAME = AppIcon;
				ASSETCATALOG_COMPILER_GLOBAL_ACCENT_COLOR_NAME = AccentColor;
				CODE_SIGN_STYLE = Automatic;
				CURRENT_PROJECT_VERSION = 1;
				DEVELOPMENT_ASSET_PATHS = "\"EssentialFeediOSApp/Preview Content\"";
				ENABLE_PREVIEWS = YES;
				GENERATE_INFOPLIST_FILE = YES;
				INFOPLIST_KEY_UIApplicationSceneManifest_Generation = YES;
				INFOPLIST_KEY_UIApplicationSupportsIndirectInputEvents = YES;
				INFOPLIST_KEY_UILaunchScreen_Generation = YES;
				INFOPLIST_KEY_UISupportedInterfaceOrientations_iPad = "UIInterfaceOrientationPortrait UIInterfaceOrientationPortraitUpsideDown UIInterfaceOrientationLandscapeLeft UIInterfaceOrientationLandscapeRight";
				INFOPLIST_KEY_UISupportedInterfaceOrientations_iPhone = "UIInterfaceOrientationPortrait UIInterfaceOrientationLandscapeLeft UIInterfaceOrientationLandscapeRight";
				LD_RUNPATH_SEARCH_PATHS = (
					"$(inherited)",
					"@executable_path/Frameworks",
				);
				MARKETING_VERSION = 1.0;
				PRODUCT_BUNDLE_IDENTIFIER = iOS.Deedeepya.com.EssentialFeediOSApp;
				PRODUCT_NAME = "$(TARGET_NAME)";
				SWIFT_EMIT_LOC_STRINGS = YES;
				SWIFT_VERSION = 5.0;
				TARGETED_DEVICE_FAMILY = "1,2";
			};
			name = Debug;
		};
		3F7BB2812B952D83009C6B71 /* Release */ = {
			isa = XCBuildConfiguration;
			buildSettings = {
				ASSETCATALOG_COMPILER_APPICON_NAME = AppIcon;
				ASSETCATALOG_COMPILER_GLOBAL_ACCENT_COLOR_NAME = AccentColor;
				CODE_SIGN_STYLE = Automatic;
				CURRENT_PROJECT_VERSION = 1;
				DEVELOPMENT_ASSET_PATHS = "\"EssentialFeediOSApp/Preview Content\"";
				ENABLE_PREVIEWS = YES;
				GENERATE_INFOPLIST_FILE = YES;
				INFOPLIST_KEY_UIApplicationSceneManifest_Generation = YES;
				INFOPLIST_KEY_UIApplicationSupportsIndirectInputEvents = YES;
				INFOPLIST_KEY_UILaunchScreen_Generation = YES;
				INFOPLIST_KEY_UISupportedInterfaceOrientations_iPad = "UIInterfaceOrientationPortrait UIInterfaceOrientationPortraitUpsideDown UIInterfaceOrientationLandscapeLeft UIInterfaceOrientationLandscapeRight";
				INFOPLIST_KEY_UISupportedInterfaceOrientations_iPhone = "UIInterfaceOrientationPortrait UIInterfaceOrientationLandscapeLeft UIInterfaceOrientationLandscapeRight";
				LD_RUNPATH_SEARCH_PATHS = (
					"$(inherited)",
					"@executable_path/Frameworks",
				);
				MARKETING_VERSION = 1.0;
				PRODUCT_BUNDLE_IDENTIFIER = iOS.Deedeepya.com.EssentialFeediOSApp;
				PRODUCT_NAME = "$(TARGET_NAME)";
				SWIFT_EMIT_LOC_STRINGS = YES;
				SWIFT_VERSION = 5.0;
				TARGETED_DEVICE_FAMILY = "1,2";
			};
			name = Release;
		};
		3F7BB2832B952D83009C6B71 /* Debug */ = {
			isa = XCBuildConfiguration;
			buildSettings = {
				ALWAYS_EMBED_SWIFT_STANDARD_LIBRARIES = YES;
				BUNDLE_LOADER = "$(TEST_HOST)";
				CODE_SIGN_STYLE = Automatic;
				CURRENT_PROJECT_VERSION = 1;
				GENERATE_INFOPLIST_FILE = YES;
				IPHONEOS_DEPLOYMENT_TARGET = 16.4;
				MARKETING_VERSION = 1.0;
				PRODUCT_BUNDLE_IDENTIFIER = iOS.Deedeepya.com.EssentialFeediOSAppTests;
				PRODUCT_NAME = "$(TARGET_NAME)";
				SWIFT_EMIT_LOC_STRINGS = NO;
				SWIFT_VERSION = 5.0;
				TARGETED_DEVICE_FAMILY = "1,2";
				TEST_HOST = "$(BUILT_PRODUCTS_DIR)/EssentialFeediOSApp.app/$(BUNDLE_EXECUTABLE_FOLDER_PATH)/EssentialFeediOSApp";
			};
			name = Debug;
		};
		3F7BB2842B952D83009C6B71 /* Release */ = {
			isa = XCBuildConfiguration;
			buildSettings = {
				ALWAYS_EMBED_SWIFT_STANDARD_LIBRARIES = YES;
				BUNDLE_LOADER = "$(TEST_HOST)";
				CODE_SIGN_STYLE = Automatic;
				CURRENT_PROJECT_VERSION = 1;
				GENERATE_INFOPLIST_FILE = YES;
				IPHONEOS_DEPLOYMENT_TARGET = 16.4;
				MARKETING_VERSION = 1.0;
				PRODUCT_BUNDLE_IDENTIFIER = iOS.Deedeepya.com.EssentialFeediOSAppTests;
				PRODUCT_NAME = "$(TARGET_NAME)";
				SWIFT_EMIT_LOC_STRINGS = NO;
				SWIFT_VERSION = 5.0;
				TARGETED_DEVICE_FAMILY = "1,2";
				TEST_HOST = "$(BUILT_PRODUCTS_DIR)/EssentialFeediOSApp.app/$(BUNDLE_EXECUTABLE_FOLDER_PATH)/EssentialFeediOSApp";
			};
			name = Release;
		};
		3F7BB2862B952D83009C6B71 /* Debug */ = {
			isa = XCBuildConfiguration;
			buildSettings = {
				ALWAYS_EMBED_SWIFT_STANDARD_LIBRARIES = YES;
				CODE_SIGN_STYLE = Automatic;
				CURRENT_PROJECT_VERSION = 1;
				GENERATE_INFOPLIST_FILE = YES;
				MARKETING_VERSION = 1.0;
				PRODUCT_BUNDLE_IDENTIFIER = iOS.Deedeepya.com.EssentialFeediOSAppUITests;
				PRODUCT_NAME = "$(TARGET_NAME)";
				SWIFT_EMIT_LOC_STRINGS = NO;
				SWIFT_VERSION = 5.0;
				TARGETED_DEVICE_FAMILY = "1,2";
				TEST_TARGET_NAME = EssentialFeediOSApp;
			};
			name = Debug;
		};
		3F7BB2872B952D83009C6B71 /* Release */ = {
			isa = XCBuildConfiguration;
			buildSettings = {
				ALWAYS_EMBED_SWIFT_STANDARD_LIBRARIES = YES;
				CODE_SIGN_STYLE = Automatic;
				CURRENT_PROJECT_VERSION = 1;
				GENERATE_INFOPLIST_FILE = YES;
				MARKETING_VERSION = 1.0;
				PRODUCT_BUNDLE_IDENTIFIER = iOS.Deedeepya.com.EssentialFeediOSAppUITests;
				PRODUCT_NAME = "$(TARGET_NAME)";
				SWIFT_EMIT_LOC_STRINGS = NO;
				SWIFT_VERSION = 5.0;
				TARGETED_DEVICE_FAMILY = "1,2";
				TEST_TARGET_NAME = EssentialFeediOSApp;
			};
			name = Release;
		};
/* End XCBuildConfiguration section */

/* Begin XCConfigurationList section */
		3F7BB2562B952D82009C6B71 /* Build configuration list for PBXProject "EssentialFeediOSApp" */ = {
			isa = XCConfigurationList;
			buildConfigurations = (
				3F7BB27D2B952D83009C6B71 /* Debug */,
				3F7BB27E2B952D83009C6B71 /* Release */,
			);
			defaultConfigurationIsVisible = 0;
			defaultConfigurationName = Release;
		};
		3F7BB27F2B952D83009C6B71 /* Build configuration list for PBXNativeTarget "EssentialFeediOSApp" */ = {
			isa = XCConfigurationList;
			buildConfigurations = (
				3F7BB2802B952D83009C6B71 /* Debug */,
				3F7BB2812B952D83009C6B71 /* Release */,
			);
			defaultConfigurationIsVisible = 0;
			defaultConfigurationName = Release;
		};
		3F7BB2822B952D83009C6B71 /* Build configuration list for PBXNativeTarget "EssentialFeediOSAppTests" */ = {
			isa = XCConfigurationList;
			buildConfigurations = (
				3F7BB2832B952D83009C6B71 /* Debug */,
				3F7BB2842B952D83009C6B71 /* Release */,
			);
			defaultConfigurationIsVisible = 0;
			defaultConfigurationName = Release;
		};
		3F7BB2852B952D83009C6B71 /* Build configuration list for PBXNativeTarget "EssentialFeediOSAppUITests" */ = {
			isa = XCConfigurationList;
			buildConfigurations = (
				3F7BB2862B952D83009C6B71 /* Debug */,
				3F7BB2872B952D83009C6B71 /* Release */,
			);
			defaultConfigurationIsVisible = 0;
			defaultConfigurationName = Release;
		};
/* End XCConfigurationList section */
	};
	rootObject = 3F7BB2532B952D82009C6B71 /* Project object */;
}
